// !$*UTF8*$!
{
	archiveVersion = 1;
	classes = {
	};
	objectVersion = 50;
	objects = {

/* Begin PBXBuildFile section */
		66A2CCB220BC8D08007F17BA /* AppDelegate.swift in Sources */ = {isa = PBXBuildFile; fileRef = 66A2CCB120BC8D08007F17BA /* AppDelegate.swift */; };
		66A2CCB420BC8D08007F17BA /* ViewController.swift in Sources */ = {isa = PBXBuildFile; fileRef = 66A2CCB320BC8D08007F17BA /* ViewController.swift */; };
		66A2CCB720BC8D08007F17BA /* Main.storyboard in Resources */ = {isa = PBXBuildFile; fileRef = 66A2CCB520BC8D08007F17BA /* Main.storyboard */; };
		66A2CCB920BC8D0B007F17BA /* Assets.xcassets in Resources */ = {isa = PBXBuildFile; fileRef = 66A2CCB820BC8D0B007F17BA /* Assets.xcassets */; };
		66A2CCBC20BC8D0B007F17BA /* LaunchScreen.storyboard in Resources */ = {isa = PBXBuildFile; fileRef = 66A2CCBA20BC8D0B007F17BA /* LaunchScreen.storyboard */; };
		66BC694A20ED4E08001E56BC /* MYAFirebaseFramework.framework in Frameworks */ = {isa = PBXBuildFile; fileRef = 66BC694920ED4E08001E56BC /* MYAFirebaseFramework.framework */; };
		66BC694B20ED4E08001E56BC /* MYAFirebaseFramework.framework in Embed Frameworks */ = {isa = PBXBuildFile; fileRef = 66BC694920ED4E08001E56BC /* MYAFirebaseFramework.framework */; settings = {ATTRIBUTES = (CodeSignOnCopy, RemoveHeadersOnCopy, ); }; };
		66D3B3AA20BF2D3100842569 /* GoogleService-Info.plist in Resources */ = {isa = PBXBuildFile; fileRef = 66D3B3A920BF2D3100842569 /* GoogleService-Info.plist */; };
/* End PBXBuildFile section */

/* Begin PBXCopyFilesBuildPhase section */
		66BC694C20ED4E08001E56BC /* Embed Frameworks */ = {
			isa = PBXCopyFilesBuildPhase;
			buildActionMask = 2147483647;
			dstPath = "";
			dstSubfolderSpec = 10;
			files = (
				66BC694B20ED4E08001E56BC /* MYAFirebaseFramework.framework in Embed Frameworks */,
			);
			name = "Embed Frameworks";
			runOnlyForDeploymentPostprocessing = 0;
		};
/* End PBXCopyFilesBuildPhase section */

/* Begin PBXFileReference section */
		66A2CCAE20BC8D08007F17BA /* testFramework.app */ = {isa = PBXFileReference; explicitFileType = wrapper.application; includeInIndex = 0; path = testFramework.app; sourceTree = BUILT_PRODUCTS_DIR; };
		66A2CCB120BC8D08007F17BA /* AppDelegate.swift */ = {isa = PBXFileReference; lastKnownFileType = sourcecode.swift; path = AppDelegate.swift; sourceTree = "<group>"; };
		66A2CCB320BC8D08007F17BA /* ViewController.swift */ = {isa = PBXFileReference; lastKnownFileType = sourcecode.swift; path = ViewController.swift; sourceTree = "<group>"; };
		66A2CCB620BC8D08007F17BA /* Base */ = {isa = PBXFileReference; lastKnownFileType = file.storyboard; name = Base; path = Base.lproj/Main.storyboard; sourceTree = "<group>"; };
		66A2CCB820BC8D0B007F17BA /* Assets.xcassets */ = {isa = PBXFileReference; lastKnownFileType = folder.assetcatalog; path = Assets.xcassets; sourceTree = "<group>"; };
		66A2CCBB20BC8D0B007F17BA /* Base */ = {isa = PBXFileReference; lastKnownFileType = file.storyboard; name = Base; path = Base.lproj/LaunchScreen.storyboard; sourceTree = "<group>"; };
		66A2CCBD20BC8D0B007F17BA /* Info.plist */ = {isa = PBXFileReference; lastKnownFileType = text.plist.xml; path = Info.plist; sourceTree = "<group>"; };
		66BC694920ED4E08001E56BC /* MYAFirebaseFramework.framework */ = {isa = PBXFileReference; lastKnownFileType = wrapper.framework; name = MYAFirebaseFramework.framework; path = testFramework/MYAFirebaseFramework.framework; sourceTree = "<group>"; };
		66D3B3A920BF2D3100842569 /* GoogleService-Info.plist */ = {isa = PBXFileReference; fileEncoding = 4; lastKnownFileType = text.plist.xml; path = "GoogleService-Info.plist"; sourceTree = "<group>"; };
/* End PBXFileReference section */

/* Begin PBXFrameworksBuildPhase section */
		66A2CCAB20BC8D08007F17BA /* Frameworks */ = {
			isa = PBXFrameworksBuildPhase;
			buildActionMask = 2147483647;
			files = (
				66BC694A20ED4E08001E56BC /* MYAFirebaseFramework.framework in Frameworks */,
			);
			runOnlyForDeploymentPostprocessing = 0;
		};
/* End PBXFrameworksBuildPhase section */

/* Begin PBXGroup section */
		66A2CCA520BC8D08007F17BA = {
			isa = PBXGroup;
			children = (
				66BC694920ED4E08001E56BC /* MYAFirebaseFramework.framework */,
				66A2CCB020BC8D08007F17BA /* testFramework */,
				66A2CCAF20BC8D08007F17BA /* Products */,
			);
			sourceTree = "<group>";
		};
		66A2CCAF20BC8D08007F17BA /* Products */ = {
			isa = PBXGroup;
			children = (
				66A2CCAE20BC8D08007F17BA /* testFramework.app */,
			);
			name = Products;
			sourceTree = "<group>";
		};
		66A2CCB020BC8D08007F17BA /* testFramework */ = {
			isa = PBXGroup;
			children = (
				66A2CCB120BC8D08007F17BA /* AppDelegate.swift */,
				66A2CCB320BC8D08007F17BA /* ViewController.swift */,
				66A2CCB520BC8D08007F17BA /* Main.storyboard */,
				66A2CCB820BC8D0B007F17BA /* Assets.xcassets */,
				66A2CCBA20BC8D0B007F17BA /* LaunchScreen.storyboard */,
				66A2CCBD20BC8D0B007F17BA /* Info.plist */,
				66D3B3A920BF2D3100842569 /* GoogleService-Info.plist */,
			);
			path = testFramework;
			sourceTree = "<group>";
		};
/* End PBXGroup section */

/* Begin PBXNativeTarget section */
		66A2CCAD20BC8D08007F17BA /* testFramework */ = {
			isa = PBXNativeTarget;
			buildConfigurationList = 66A2CCC020BC8D0B007F17BA /* Build configuration list for PBXNativeTarget "testFramework" */;
			buildPhases = (
				66A2CCAA20BC8D08007F17BA /* Sources */,
				66A2CCAB20BC8D08007F17BA /* Frameworks */,
				66A2CCAC20BC8D08007F17BA /* Resources */,
				66BC694C20ED4E08001E56BC /* Embed Frameworks */,
			);
			buildRules = (
			);
			dependencies = (
			);
			name = testFramework;
			productName = testFramework;
			productReference = 66A2CCAE20BC8D08007F17BA /* testFramework.app */;
			productType = "com.apple.product-type.application";
		};
/* End PBXNativeTarget section */

/* Begin PBXProject section */
		66A2CCA620BC8D08007F17BA /* Project object */ = {
			isa = PBXProject;
			attributes = {
				LastSwiftUpdateCheck = 0930;
				LastUpgradeCheck = 0930;
				ORGANIZATIONNAME = MindYourApp;
				TargetAttributes = {
					66A2CCAD20BC8D08007F17BA = {
						CreatedOnToolsVersion = 9.3;
					};
				};
			};
			buildConfigurationList = 66A2CCA920BC8D08007F17BA /* Build configuration list for PBXProject "testFramework" */;
			compatibilityVersion = "Xcode 9.3";
			developmentRegion = en;
			hasScannedForEncodings = 0;
			knownRegions = (
				en,
				Base,
			);
			mainGroup = 66A2CCA520BC8D08007F17BA;
			productRefGroup = 66A2CCAF20BC8D08007F17BA /* Products */;
			projectDirPath = "";
			projectRoot = "";
			targets = (
				66A2CCAD20BC8D08007F17BA /* testFramework */,
			);
		};
/* End PBXProject section */

/* Begin PBXResourcesBuildPhase section */
		66A2CCAC20BC8D08007F17BA /* Resources */ = {
			isa = PBXResourcesBuildPhase;
			buildActionMask = 2147483647;
			files = (
				66A2CCBC20BC8D0B007F17BA /* LaunchScreen.storyboard in Resources */,
				66D3B3AA20BF2D3100842569 /* GoogleService-Info.plist in Resources */,
				66A2CCB920BC8D0B007F17BA /* Assets.xcassets in Resources */,
				66A2CCB720BC8D08007F17BA /* Main.storyboard in Resources */,
			);
			runOnlyForDeploymentPostprocessing = 0;
		};
/* End PBXResourcesBuildPhase section */

/* Begin PBXSourcesBuildPhase section */
		66A2CCAA20BC8D08007F17BA /* Sources */ = {
			isa = PBXSourcesBuildPhase;
			buildActionMask = 2147483647;
			files = (
				66A2CCB420BC8D08007F17BA /* ViewController.swift in Sources */,
				66A2CCB220BC8D08007F17BA /* AppDelegate.swift in Sources */,
			);
			runOnlyForDeploymentPostprocessing = 0;
		};
/* End PBXSourcesBuildPhase section */

/* Begin PBXVariantGroup section */
		66A2CCB520BC8D08007F17BA /* Main.storyboard */ = {
			isa = PBXVariantGroup;
			children = (
				66A2CCB620BC8D08007F17BA /* Base */,
			);
			name = Main.storyboard;
			sourceTree = "<group>";
		};
		66A2CCBA20BC8D0B007F17BA /* LaunchScreen.storyboard */ = {
			isa = PBXVariantGroup;
			children = (
				66A2CCBB20BC8D0B007F17BA /* Base */,
			);
			name = LaunchScreen.storyboard;
			sourceTree = "<group>";
		};
/* End PBXVariantGroup section */

/* Begin XCBuildConfiguration section */
		66A2CCBE20BC8D0B007F17BA /* Debug */ = {
			isa = XCBuildConfiguration;
			buildSettings = {
				ALWAYS_SEARCH_USER_PATHS = NO;
				CLANG_ANALYZER_NONNULL = YES;
				CLANG_ANALYZER_NUMBER_OBJECT_CONVERSION = YES_AGGRESSIVE;
				CLANG_CXX_LANGUAGE_STANDARD = "gnu++14";
				CLANG_CXX_LIBRARY = "libc++";
				CLANG_ENABLE_MODULES = YES;
				CLANG_ENABLE_OBJC_ARC = YES;
				CLANG_ENABLE_OBJC_WEAK = YES;
				CLANG_WARN_BLOCK_CAPTURE_AUTORELEASING = YES;
				CLANG_WARN_BOOL_CONVERSION = YES;
				CLANG_WARN_COMMA = YES;
				CLANG_WARN_CONSTANT_CONVERSION = YES;
				CLANG_WARN_DEPRECATED_OBJC_IMPLEMENTATIONS = YES;
				CLANG_WARN_DIRECT_OBJC_ISA_USAGE = YES_ERROR;
				CLANG_WARN_DOCUMENTATION_COMMENTS = YES;
				CLANG_WARN_EMPTY_BODY = YES;
				CLANG_WARN_ENUM_CONVERSION = YES;
				CLANG_WARN_INFINITE_RECURSION = YES;
				CLANG_WARN_INT_CONVERSION = YES;
				CLANG_WARN_NON_LITERAL_NULL_CONVERSION = YES;
				CLANG_WARN_OBJC_IMPLICIT_RETAIN_SELF = YES;
				CLANG_WARN_OBJC_LITERAL_CONVERSION = YES;
				CLANG_WARN_OBJC_ROOT_CLASS = YES_ERROR;
				CLANG_WARN_RANGE_LOOP_ANALYSIS = YES;
				CLANG_WARN_STRICT_PROTOTYPES = YES;
				CLANG_WARN_SUSPICIOUS_MOVE = YES;
				CLANG_WARN_UNGUARDED_AVAILABILITY = YES_AGGRESSIVE;
				CLANG_WARN_UNREACHABLE_CODE = YES;
				CLANG_WARN__DUPLICATE_METHOD_MATCH = YES;
				CODE_SIGN_IDENTITY = "iPhone Developer";
				COPY_PHASE_STRIP = NO;
				DEBUG_INFORMATION_FORMAT = dwarf;
				ENABLE_STRICT_OBJC_MSGSEND = YES;
				ENABLE_TESTABILITY = YES;
				GCC_C_LANGUAGE_STANDARD = gnu11;
				GCC_DYNAMIC_NO_PIC = NO;
				GCC_NO_COMMON_BLOCKS = YES;
				GCC_OPTIMIZATION_LEVEL = 0;
				GCC_PREPROCESSOR_DEFINITIONS = (
					"DEBUG=1",
					"$(inherited)",
				);
				GCC_WARN_64_TO_32_BIT_CONVERSION = YES;
				GCC_WARN_ABOUT_RETURN_TYPE = YES_ERROR;
				GCC_WARN_UNDECLARED_SELECTOR = YES;
				GCC_WARN_UNINITIALIZED_AUTOS = YES_AGGRESSIVE;
				GCC_WARN_UNUSED_FUNCTION = YES;
				GCC_WARN_UNUSED_VARIABLE = YES;
				IPHONEOS_DEPLOYMENT_TARGET = 11.3;
				MTL_ENABLE_DEBUG_INFO = YES;
				ONLY_ACTIVE_ARCH = YES;
				SDKROOT = iphoneos;
				SWIFT_ACTIVE_COMPILATION_CONDITIONS = DEBUG;
				SWIFT_OPTIMIZATION_LEVEL = "-Onone";
			};
			name = Debug;
		};
		66A2CCBF20BC8D0B007F17BA /* Release */ = {
			isa = XCBuildConfiguration;
			buildSettings = {
				ALWAYS_SEARCH_USER_PATHS = NO;
				CLANG_ANALYZER_NONNULL = YES;
				CLANG_ANALYZER_NUMBER_OBJECT_CONVERSION = YES_AGGRESSIVE;
				CLANG_CXX_LANGUAGE_STANDARD = "gnu++14";
				CLANG_CXX_LIBRARY = "libc++";
				CLANG_ENABLE_MODULES = YES;
				CLANG_ENABLE_OBJC_ARC = YES;
				CLANG_ENABLE_OBJC_WEAK = YES;
				CLANG_WARN_BLOCK_CAPTURE_AUTORELEASING = YES;
				CLANG_WARN_BOOL_CONVERSION = YES;
				CLANG_WARN_COMMA = YES;
				CLANG_WARN_CONSTANT_CONVERSION = YES;
				CLANG_WARN_DEPRECATED_OBJC_IMPLEMENTATIONS = YES;
				CLANG_WARN_DIRECT_OBJC_ISA_USAGE = YES_ERROR;
				CLANG_WARN_DOCUMENTATION_COMMENTS = YES;
				CLANG_WARN_EMPTY_BODY = YES;
				CLANG_WARN_ENUM_CONVERSION = YES;
				CLANG_WARN_INFINITE_RECURSION = YES;
				CLANG_WARN_INT_CONVERSION = YES;
				CLANG_WARN_NON_LITERAL_NULL_CONVERSION = YES;
				CLANG_WARN_OBJC_IMPLICIT_RETAIN_SELF = YES;
				CLANG_WARN_OBJC_LITERAL_CONVERSION = YES;
				CLANG_WARN_OBJC_ROOT_CLASS = YES_ERROR;
				CLANG_WARN_RANGE_LOOP_ANALYSIS = YES;
				CLANG_WARN_STRICT_PROTOTYPES = YES;
				CLANG_WARN_SUSPICIOUS_MOVE = YES;
				CLANG_WARN_UNGUARDED_AVAILABILITY = YES_AGGRESSIVE;
				CLANG_WARN_UNREACHABLE_CODE = YES;
				CLANG_WARN__DUPLICATE_METHOD_MATCH = YES;
				CODE_SIGN_IDENTITY = "iPhone Developer";
				COPY_PHASE_STRIP = NO;
				DEBUG_INFORMATION_FORMAT = "dwarf-with-dsym";
				ENABLE_NS_ASSERTIONS = NO;
				ENABLE_STRICT_OBJC_MSGSEND = YES;
				GCC_C_LANGUAGE_STANDARD = gnu11;
				GCC_NO_COMMON_BLOCKS = YES;
				GCC_WARN_64_TO_32_BIT_CONVERSION = YES;
				GCC_WARN_ABOUT_RETURN_TYPE = YES_ERROR;
				GCC_WARN_UNDECLARED_SELECTOR = YES;
				GCC_WARN_UNINITIALIZED_AUTOS = YES_AGGRESSIVE;
				GCC_WARN_UNUSED_FUNCTION = YES;
				GCC_WARN_UNUSED_VARIABLE = YES;
				IPHONEOS_DEPLOYMENT_TARGET = 11.3;
				MTL_ENABLE_DEBUG_INFO = NO;
				SDKROOT = iphoneos;
				SWIFT_COMPILATION_MODE = wholemodule;
				SWIFT_OPTIMIZATION_LEVEL = "-O";
				VALIDATE_PRODUCT = YES;
			};
			name = Release;
		};
		66A2CCC120BC8D0B007F17BA /* Debug */ = {
			isa = XCBuildConfiguration;
			buildSettings = {
				ASSETCATALOG_COMPILER_APPICON_NAME = AppIcon;
				CODE_SIGN_STYLE = Automatic;
				DEVELOPMENT_TEAM = "";
				FRAMEWORK_SEARCH_PATHS = (
					"$(inherited)",
					"$(PROJECT_DIR)/testFramework",
				);
				INFOPLIST_FILE = testFramework/Info.plist;
				IPHONEOS_DEPLOYMENT_TARGET = 9.3;
				LD_RUNPATH_SEARCH_PATHS = (
					"$(inherited)",
					"@executable_path/Frameworks",
				);
				PRODUCT_BUNDLE_IDENTIFIER = MYA.testFramework;
				PRODUCT_NAME = "$(TARGET_NAME)";
				SWIFT_VERSION = 3.0;
				TARGETED_DEVICE_FAMILY = "1,2";
			};
			name = Debug;
		};
		66A2CCC220BC8D0B007F17BA /* Release */ = {
			isa = XCBuildConfiguration;
			buildSettings = {
				ASSETCATALOG_COMPILER_APPICON_NAME = AppIcon;
				CODE_SIGN_STYLE = Automatic;
				DEVELOPMENT_TEAM = "";
				FRAMEWORK_SEARCH_PATHS = (
					"$(inherited)",
					"$(PROJECT_DIR)/testFramework",
				);
				INFOPLIST_FILE = testFramework/Info.plist;
				IPHONEOS_DEPLOYMENT_TARGET = 9.3;
				LD_RUNPATH_SEARCH_PATHS = (
					"$(inherited)",
					"@executable_path/Frameworks",
				);
				PRODUCT_BUNDLE_IDENTIFIER = MYA.testFramework;
				PRODUCT_NAME = "$(TARGET_NAME)";
				SWIFT_VERSION = 3.0;
				TARGETED_DEVICE_FAMILY = "1,2";
			};
			name = Release;
		};
/* End XCBuildConfiguration section */

/* Begin XCConfigurationList section */
		66A2CCA920BC8D08007F17BA /* Build configuration list for PBXProject "testFramework" */ = {
			isa = XCConfigurationList;
			buildConfigurations = (
				66A2CCBE20BC8D0B007F17BA /* Debug */,
				66A2CCBF20BC8D0B007F17BA /* Release */,
			);
			defaultConfigurationIsVisible = 0;
			defaultConfigurationName = Release;
		};
		66A2CCC020BC8D0B007F17BA /* Build configuration list for PBXNativeTarget "testFramework" */ = {
			isa = XCConfigurationList;
			buildConfigurations = (
				66A2CCC120BC8D0B007F17BA /* Debug */,
				66A2CCC220BC8D0B007F17BA /* Release */,
			);
			defaultConfigurationIsVisible = 0;
			defaultConfigurationName = Release;
		};
/* End XCConfigurationList section */
	};
	rootObject = 66A2CCA620BC8D08007F17BA /* Project object */;
}
